
Microsoft Visual Studio Solution File, Format Version 12.00
# Visual Studio Version 17
VisualStudioVersion = 17.14.36429.23 d17.14
MinimumVisualStudioVersion = 10.0.40219.1
Project("{FAE04EC0-301F-11D3-BF4B-00C04F79EFBC}") = "file manipulation things", "file manipulation things\file manipulation things.csproj", "{D534EA92-3DC9-4FA2-B6CD-4721F1D4038A}"
EndProject
Global
	GlobalSection(SolutionConfigurationPlatforms) = preSolution
		Debug|Any CPU = Debug|Any CPU
		Release|Any CPU = Release|Any CPU
	EndGlobalSection
	GlobalSection(ProjectConfigurationPlatforms) = postSolution
		{D534EA92-3DC9-4FA2-B6CD-4721F1D4038A}.Debug|Any CPU.ActiveCfg = Debug|Any CPU
		{D534EA92-3DC9-4FA2-B6CD-4721F1D4038A}.Debug|Any CPU.Build.0 = Debug|Any CPU
		{D534EA92-3DC9-4FA2-B6CD-4721F1D4038A}.Release|Any CPU.ActiveCfg = Release|Any CPU
		{D534EA92-3DC9-4FA2-B6CD-4721F1D4038A}.Release|Any CPU.Build.0 = Release|Any CPU
	EndGlobalSection
	GlobalSection(SolutionProperties) = preSolution
		HideSolutionNode = FALSE
	EndGlobalSection
	GlobalSection(ExtensibilityGlobals) = postSolution
		SolutionGuid = {FA5C287A-66AB-420C-B52F-296DFD40876A}
	EndGlobalSection
EndGlobal
